// !$*UTF8*$!
{
	archiveVersion = 1;
	classes = {
	};
	objectVersion = 77;
	objects = {

/* Begin PBXBuildFile section */
		6E4E72E92D3305DE001B6E3D /* AudioKit in Frameworks */ = {isa = PBXBuildFile; productRef = 6E4E72E82D3305DE001B6E3D /* AudioKit */; };
		6EA033542D332D7100D6AED5 /* GuitarTaps.exs in Resources */ = {isa = PBXBuildFile; fileRef = 6EA033522D332D7100D6AED5 /* GuitarTaps.exs */; };
/* End PBXBuildFile section */

/* Begin PBXContainerItemProxy section */
		6E4E72B42D32FAF5001B6E3D /* PBXContainerItemProxy */ = {
			isa = PBXContainerItemProxy;
			containerPortal = 6E4E729B2D32FAF3001B6E3D /* Project object */;
			proxyType = 1;
			remoteGlobalIDString = 6E4E72A22D32FAF3001B6E3D;
			remoteInfo = RecordSequencer;
		};
		6E4E72BE2D32FAF5001B6E3D /* PBXContainerItemProxy */ = {
			isa = PBXContainerItemProxy;
			containerPortal = 6E4E729B2D32FAF3001B6E3D /* Project object */;
			proxyType = 1;
			remoteGlobalIDString = 6E4E72A22D32FAF3001B6E3D;
			remoteInfo = RecordSequencer;
		};
/* End PBXContainerItemProxy section */

/* Begin PBXFileReference section */
		6E4E72A32D32FAF3001B6E3D /* RecordSequencer.app */ = {isa = PBXFileReference; explicitFileType = wrapper.application; includeInIndex = 0; path = RecordSequencer.app; sourceTree = BUILT_PRODUCTS_DIR; };
		6E4E72B32D32FAF5001B6E3D /* RecordSequencerTests.xctest */ = {isa = PBXFileReference; explicitFileType = wrapper.cfbundle; includeInIndex = 0; path = RecordSequencerTests.xctest; sourceTree = BUILT_PRODUCTS_DIR; };
		6E4E72BD2D32FAF5001B6E3D /* RecordSequencerUITests.xctest */ = {isa = PBXFileReference; explicitFileType = wrapper.cfbundle; includeInIndex = 0; path = RecordSequencerUITests.xctest; sourceTree = BUILT_PRODUCTS_DIR; };
		6EA033522D332D7100D6AED5 /* GuitarTaps.exs */ = {isa = PBXFileReference; lastKnownFileType = file; path = GuitarTaps.exs; sourceTree = "<group>"; };
/* End PBXFileReference section */

/* Begin PBXFileSystemSynchronizedBuildFileExceptionSet section */
		6E4E72EB2D33082B001B6E3D /* Exceptions for "RecordSequencer" folder in "RecordSequencer" target */ = {
			isa = PBXFileSystemSynchronizedBuildFileExceptionSet;
			membershipExceptions = (
				Info.plist,
			);
			target = 6E4E72A22D32FAF3001B6E3D /* RecordSequencer */;
		};
/* End PBXFileSystemSynchronizedBuildFileExceptionSet section */

/* Begin PBXFileSystemSynchronizedRootGroup section */
		6E4E72A52D32FAF3001B6E3D /* RecordSequencer */ = {
			isa = PBXFileSystemSynchronizedRootGroup;
			exceptions = (
				6E4E72EB2D33082B001B6E3D /* Exceptions for "RecordSequencer" folder in "RecordSequencer" target */,
			);
			path = RecordSequencer;
			sourceTree = "<group>";
		};
		6E4E72B62D32FAF5001B6E3D /* RecordSequencerTests */ = {
			isa = PBXFileSystemSynchronizedRootGroup;
			path = RecordSequencerTests;
			sourceTree = "<group>";
		};
		6E4E72C02D32FAF5001B6E3D /* RecordSequencerUITests */ = {
			isa = PBXFileSystemSynchronizedRootGroup;
			path = RecordSequencerUITests;
			sourceTree = "<group>";
		};
/* End PBXFileSystemSynchronizedRootGroup section */

/* Begin PBXFrameworksBuildPhase section */
		6E4E72A02D32FAF3001B6E3D /* Frameworks */ = {
			isa = PBXFrameworksBuildPhase;
			buildActionMask = 2147483647;
			files = (
				6E4E72E92D3305DE001B6E3D /* AudioKit in Frameworks */,
			);
			runOnlyForDeploymentPostprocessing = 0;
		};
		6E4E72B02D32FAF5001B6E3D /* Frameworks */ = {
			isa = PBXFrameworksBuildPhase;
			buildActionMask = 2147483647;
			files = (
			);
			runOnlyForDeploymentPostprocessing = 0;
		};
		6E4E72BA2D32FAF5001B6E3D /* Frameworks */ = {
			isa = PBXFrameworksBuildPhase;
			buildActionMask = 2147483647;
			files = (
			);
			runOnlyForDeploymentPostprocessing = 0;
		};
/* End PBXFrameworksBuildPhase section */

/* Begin PBXGroup section */
		6E4E729A2D32FAF3001B6E3D = {
			isa = PBXGroup;
			children = (
				6EA033532D332D7100D6AED5 /* Sounds */,
				6E4E72A52D32FAF3001B6E3D /* RecordSequencer */,
				6E4E72B62D32FAF5001B6E3D /* RecordSequencerTests */,
				6E4E72C02D32FAF5001B6E3D /* RecordSequencerUITests */,
				6E4E72E72D3305DE001B6E3D /* Frameworks */,
				6E4E72A42D32FAF3001B6E3D /* Products */,
			);
			sourceTree = "<group>";
		};
		6E4E72A42D32FAF3001B6E3D /* Products */ = {
			isa = PBXGroup;
			children = (
				6E4E72A32D32FAF3001B6E3D /* RecordSequencer.app */,
				6E4E72B32D32FAF5001B6E3D /* RecordSequencerTests.xctest */,
				6E4E72BD2D32FAF5001B6E3D /* RecordSequencerUITests.xctest */,
			);
			name = Products;
			sourceTree = "<group>";
		};
		6E4E72E72D3305DE001B6E3D /* Frameworks */ = {
			isa = PBXGroup;
			children = (
			);
			name = Frameworks;
			sourceTree = "<group>";
		};
		6EA033532D332D7100D6AED5 /* Sounds */ = {
			isa = PBXGroup;
			children = (
				6EA033522D332D7100D6AED5 /* GuitarTaps.exs */,
			);
			path = Sounds;
			sourceTree = "<group>";
		};
/* End PBXGroup section */

/* Begin PBXNativeTarget section */
		6E4E72A22D32FAF3001B6E3D /* RecordSequencer */ = {
			isa = PBXNativeTarget;
			buildConfigurationList = 6E4E72C72D32FAF5001B6E3D /* Build configuration list for PBXNativeTarget "RecordSequencer" */;
			buildPhases = (
				6E4E729F2D32FAF3001B6E3D /* Sources */,
				6E4E72A02D32FAF3001B6E3D /* Frameworks */,
				6E4E72A12D32FAF3001B6E3D /* Resources */,
			);
			buildRules = (
			);
			dependencies = (
			);
			fileSystemSynchronizedGroups = (
				6E4E72A52D32FAF3001B6E3D /* RecordSequencer */,
			);
			name = RecordSequencer;
			packageProductDependencies = (
				6E4E72E82D3305DE001B6E3D /* AudioKit */,
			);
			productName = RecordSequencer;
			productReference = 6E4E72A32D32FAF3001B6E3D /* RecordSequencer.app */;
			productType = "com.apple.product-type.application";
		};
		6E4E72B22D32FAF5001B6E3D /* RecordSequencerTests */ = {
			isa = PBXNativeTarget;
			buildConfigurationList = 6E4E72CA2D32FAF5001B6E3D /* Build configuration list for PBXNativeTarget "RecordSequencerTests" */;
			buildPhases = (
				6E4E72AF2D32FAF5001B6E3D /* Sources */,
				6E4E72B02D32FAF5001B6E3D /* Frameworks */,
				6E4E72B12D32FAF5001B6E3D /* Resources */,
			);
			buildRules = (
			);
			dependencies = (
				6E4E72B52D32FAF5001B6E3D /* PBXTargetDependency */,
			);
			fileSystemSynchronizedGroups = (
				6E4E72B62D32FAF5001B6E3D /* RecordSequencerTests */,
			);
			name = RecordSequencerTests;
			packageProductDependencies = (
			);
			productName = RecordSequencerTests;
			productReference = 6E4E72B32D32FAF5001B6E3D /* RecordSequencerTests.xctest */;
			productType = "com.apple.product-type.bundle.unit-test";
		};
		6E4E72BC2D32FAF5001B6E3D /* RecordSequencerUITests */ = {
			isa = PBXNativeTarget;
			buildConfigurationList = 6E4E72CD2D32FAF5001B6E3D /* Build configuration list for PBXNativeTarget "RecordSequencerUITests" */;
			buildPhases = (
				6E4E72B92D32FAF5001B6E3D /* Sources */,
				6E4E72BA2D32FAF5001B6E3D /* Frameworks */,
				6E4E72BB2D32FAF5001B6E3D /* Resources */,
			);
			buildRules = (
			);
			dependencies = (
				6E4E72BF2D32FAF5001B6E3D /* PBXTargetDependency */,
			);
			fileSystemSynchronizedGroups = (
				6E4E72C02D32FAF5001B6E3D /* RecordSequencerUITests */,
			);
			name = RecordSequencerUITests;
			packageProductDependencies = (
			);
			productName = RecordSequencerUITests;
			productReference = 6E4E72BD2D32FAF5001B6E3D /* RecordSequencerUITests.xctest */;
			productType = "com.apple.product-type.bundle.ui-testing";
		};
/* End PBXNativeTarget section */

/* Begin PBXProject section */
		6E4E729B2D32FAF3001B6E3D /* Project object */ = {
			isa = PBXProject;
			attributes = {
				BuildIndependentTargetsInParallel = 1;
				LastSwiftUpdateCheck = 1620;
				LastUpgradeCheck = 1620;
				TargetAttributes = {
					6E4E72A22D32FAF3001B6E3D = {
						CreatedOnToolsVersion = 16.2;
					};
					6E4E72B22D32FAF5001B6E3D = {
						CreatedOnToolsVersion = 16.2;
						TestTargetID = 6E4E72A22D32FAF3001B6E3D;
					};
					6E4E72BC2D32FAF5001B6E3D = {
						CreatedOnToolsVersion = 16.2;
						TestTargetID = 6E4E72A22D32FAF3001B6E3D;
					};
				};
			};
			buildConfigurationList = 6E4E729E2D32FAF3001B6E3D /* Build configuration list for PBXProject "RecordSequencer" */;
			developmentRegion = en;
			hasScannedForEncodings = 0;
			knownRegions = (
				en,
				Base,
			);
			mainGroup = 6E4E729A2D32FAF3001B6E3D;
			minimizedProjectReferenceProxies = 1;
			packageReferences = (
				6E4E72E62D3305D8001B6E3D /* XCRemoteSwiftPackageReference "AudioKit" */,
			);
			preferredProjectObjectVersion = 77;
			productRefGroup = 6E4E72A42D32FAF3001B6E3D /* Products */;
			projectDirPath = "";
			projectRoot = "";
			targets = (
				6E4E72A22D32FAF3001B6E3D /* RecordSequencer */,
				6E4E72B22D32FAF5001B6E3D /* RecordSequencerTests */,
				6E4E72BC2D32FAF5001B6E3D /* RecordSequencerUITests */,
			);
		};
/* End PBXProject section */

/* Begin PBXResourcesBuildPhase section */
		6E4E72A12D32FAF3001B6E3D /* Resources */ = {
			isa = PBXResourcesBuildPhase;
			buildActionMask = 2147483647;
			files = (
				6EA033542D332D7100D6AED5 /* GuitarTaps.exs in Resources */,
			);
			runOnlyForDeploymentPostprocessing = 0;
		};
		6E4E72B12D32FAF5001B6E3D /* Resources */ = {
			isa = PBXResourcesBuildPhase;
			buildActionMask = 2147483647;
			files = (
			);
			runOnlyForDeploymentPostprocessing = 0;
		};
		6E4E72BB2D32FAF5001B6E3D /* Resources */ = {
			isa = PBXResourcesBuildPhase;
			buildActionMask = 2147483647;
			files = (
			);
			runOnlyForDeploymentPostprocessing = 0;
		};
/* End PBXResourcesBuildPhase section */

/* Begin PBXSourcesBuildPhase section */
		6E4E729F2D32FAF3001B6E3D /* Sources */ = {
			isa = PBXSourcesBuildPhase;
			buildActionMask = 2147483647;
			files = (
			);
			runOnlyForDeploymentPostprocessing = 0;
		};
		6E4E72AF2D32FAF5001B6E3D /* Sources */ = {
			isa = PBXSourcesBuildPhase;
			buildActionMask = 2147483647;
			files = (
			);
			runOnlyForDeploymentPostprocessing = 0;
		};
		6E4E72B92D32FAF5001B6E3D /* Sources */ = {
			isa = PBXSourcesBuildPhase;
			buildActionMask = 2147483647;
			files = (
			);
			runOnlyForDeploymentPostprocessing = 0;
		};
/* End PBXSourcesBuildPhase section */

/* Begin PBXTargetDependency section */
		6E4E72B52D32FAF5001B6E3D /* PBXTargetDependency */ = {
			isa = PBXTargetDependency;
			target = 6E4E72A22D32FAF3001B6E3D /* RecordSequencer */;
			targetProxy = 6E4E72B42D32FAF5001B6E3D /* PBXContainerItemProxy */;
		};
		6E4E72BF2D32FAF5001B6E3D /* PBXTargetDependency */ = {
			isa = PBXTargetDependency;
			target = 6E4E72A22D32FAF3001B6E3D /* RecordSequencer */;
			targetProxy = 6E4E72BE2D32FAF5001B6E3D /* PBXContainerItemProxy */;
		};
/* End PBXTargetDependency section */

/* Begin XCBuildConfiguration section */
		6E4E72C52D32FAF5001B6E3D /* Debug */ = {
			isa = XCBuildConfiguration;
			buildSettings = {
				ALWAYS_SEARCH_USER_PATHS = NO;
				ASSETCATALOG_COMPILER_GENERATE_SWIFT_ASSET_SYMBOL_EXTENSIONS = YES;
				CLANG_ANALYZER_NONNULL = YES;
				CLANG_ANALYZER_NUMBER_OBJECT_CONVERSION = YES_AGGRESSIVE;
				CLANG_CXX_LANGUAGE_STANDARD = "gnu++20";
				CLANG_ENABLE_MODULES = YES;
				CLANG_ENABLE_OBJC_ARC = YES;
				CLANG_ENABLE_OBJC_WEAK = YES;
				CLANG_WARN_BLOCK_CAPTURE_AUTORELEASING = YES;
				CLANG_WARN_BOOL_CONVERSION = YES;
				CLANG_WARN_COMMA = YES;
				CLANG_WARN_CONSTANT_CONVERSION = YES;
				CLANG_WARN_DEPRECATED_OBJC_IMPLEMENTATIONS = YES;
				CLANG_WARN_DIRECT_OBJC_ISA_USAGE = YES_ERROR;
				CLANG_WARN_DOCUMENTATION_COMMENTS = YES;
				CLANG_WARN_EMPTY_BODY = YES;
				CLANG_WARN_ENUM_CONVERSION = YES;
				CLANG_WARN_INFINITE_RECURSION = YES;
				CLANG_WARN_INT_CONVERSION = YES;
				CLANG_WARN_NON_LITERAL_NULL_CONVERSION = YES;
				CLANG_WARN_OBJC_IMPLICIT_RETAIN_SELF = YES;
				CLANG_WARN_OBJC_LITERAL_CONVERSION = YES;
				CLANG_WARN_OBJC_ROOT_CLASS = YES_ERROR;
				CLANG_WARN_QUOTED_INCLUDE_IN_FRAMEWORK_HEADER = YES;
				CLANG_WARN_RANGE_LOOP_ANALYSIS = YES;
				CLANG_WARN_STRICT_PROTOTYPES = YES;
				CLANG_WARN_SUSPICIOUS_MOVE = YES;
				CLANG_WARN_UNGUARDED_AVAILABILITY = YES_AGGRESSIVE;
				CLANG_WARN_UNREACHABLE_CODE = YES;
				CLANG_WARN__DUPLICATE_METHOD_MATCH = YES;
				COPY_PHASE_STRIP = NO;
				DEBUG_INFORMATION_FORMAT = dwarf;
				ENABLE_STRICT_OBJC_MSGSEND = YES;
				ENABLE_TESTABILITY = YES;
				ENABLE_USER_SCRIPT_SANDBOXING = YES;
				GCC_C_LANGUAGE_STANDARD = gnu17;
				GCC_DYNAMIC_NO_PIC = NO;
				GCC_NO_COMMON_BLOCKS = YES;
				GCC_OPTIMIZATION_LEVEL = 0;
				GCC_PREPROCESSOR_DEFINITIONS = (
					"DEBUG=1",
					"$(inherited)",
				);
				GCC_WARN_64_TO_32_BIT_CONVERSION = YES;
				GCC_WARN_ABOUT_RETURN_TYPE = YES_ERROR;
				GCC_WARN_UNDECLARED_SELECTOR = YES;
				GCC_WARN_UNINITIALIZED_AUTOS = YES_AGGRESSIVE;
				GCC_WARN_UNUSED_FUNCTION = YES;
				GCC_WARN_UNUSED_VARIABLE = YES;
				IPHONEOS_DEPLOYMENT_TARGET = 18.2;
				LOCALIZATION_PREFERS_STRING_CATALOGS = YES;
				MTL_ENABLE_DEBUG_INFO = INCLUDE_SOURCE;
				MTL_FAST_MATH = YES;
				ONLY_ACTIVE_ARCH = YES;
				SDKROOT = iphoneos;
				SWIFT_ACTIVE_COMPILATION_CONDITIONS = "DEBUG $(inherited)";
				SWIFT_OPTIMIZATION_LEVEL = "-Onone";
			};
			name = Debug;
		};
		6E4E72C62D32FAF5001B6E3D /* Release */ = {
			isa = XCBuildConfiguration;
			buildSettings = {
				ALWAYS_SEARCH_USER_PATHS = NO;
				ASSETCATALOG_COMPILER_GENERATE_SWIFT_ASSET_SYMBOL_EXTENSIONS = YES;
				CLANG_ANALYZER_NONNULL = YES;
				CLANG_ANALYZER_NUMBER_OBJECT_CONVERSION = YES_AGGRESSIVE;
				CLANG_CXX_LANGUAGE_STANDARD = "gnu++20";
				CLANG_ENABLE_MODULES = YES;
				CLANG_ENABLE_OBJC_ARC = YES;
				CLANG_ENABLE_OBJC_WEAK = YES;
				CLANG_WARN_BLOCK_CAPTURE_AUTORELEASING = YES;
				CLANG_WARN_BOOL_CONVERSION = YES;
				CLANG_WARN_COMMA = YES;
				CLANG_WARN_CONSTANT_CONVERSION = YES;
				CLANG_WARN_DEPRECATED_OBJC_IMPLEMENTATIONS = YES;
				CLANG_WARN_DIRECT_OBJC_ISA_USAGE = YES_ERROR;
				CLANG_WARN_DOCUMENTATION_COMMENTS = YES;
				CLANG_WARN_EMPTY_BODY = YES;
				CLANG_WARN_ENUM_CONVERSION = YES;
				CLANG_WARN_INFINITE_RECURSION = YES;
				CLANG_WARN_INT_CONVERSION = YES;
				CLANG_WARN_NON_LITERAL_NULL_CONVERSION = YES;
				CLANG_WARN_OBJC_IMPLICIT_RETAIN_SELF = YES;
				CLANG_WARN_OBJC_LITERAL_CONVERSION = YES;
				CLANG_WARN_OBJC_ROOT_CLASS = YES_ERROR;
				CLANG_WARN_QUOTED_INCLUDE_IN_FRAMEWORK_HEADER = YES;
				CLANG_WARN_RANGE_LOOP_ANALYSIS = YES;
				CLANG_WARN_STRICT_PROTOTYPES = YES;
				CLANG_WARN_SUSPICIOUS_MOVE = YES;
				CLANG_WARN_UNGUARDED_AVAILABILITY = YES_AGGRESSIVE;
				CLANG_WARN_UNREACHABLE_CODE = YES;
				CLANG_WARN__DUPLICATE_METHOD_MATCH = YES;
				COPY_PHASE_STRIP = NO;
				DEBUG_INFORMATION_FORMAT = "dwarf-with-dsym";
				ENABLE_NS_ASSERTIONS = NO;
				ENABLE_STRICT_OBJC_MSGSEND = YES;
				ENABLE_USER_SCRIPT_SANDBOXING = YES;
				GCC_C_LANGUAGE_STANDARD = gnu17;
				GCC_NO_COMMON_BLOCKS = YES;
				GCC_WARN_64_TO_32_BIT_CONVERSION = YES;
				GCC_WARN_ABOUT_RETURN_TYPE = YES_ERROR;
				GCC_WARN_UNDECLARED_SELECTOR = YES;
				GCC_WARN_UNINITIALIZED_AUTOS = YES_AGGRESSIVE;
				GCC_WARN_UNUSED_FUNCTION = YES;
				GCC_WARN_UNUSED_VARIABLE = YES;
				IPHONEOS_DEPLOYMENT_TARGET = 18.2;
				LOCALIZATION_PREFERS_STRING_CATALOGS = YES;
				MTL_ENABLE_DEBUG_INFO = NO;
				MTL_FAST_MATH = YES;
				SDKROOT = iphoneos;
				SWIFT_COMPILATION_MODE = wholemodule;
				VALIDATE_PRODUCT = YES;
			};
			name = Release;
		};
		6E4E72C82D32FAF5001B6E3D /* Debug */ = {
			isa = XCBuildConfiguration;
			buildSettings = {
				ASSETCATALOG_COMPILER_APPICON_NAME = AppIcon;
				ASSETCATALOG_COMPILER_GLOBAL_ACCENT_COLOR_NAME = AccentColor;
				CODE_SIGN_STYLE = Automatic;
				CURRENT_PROJECT_VERSION = 1;
				DEVELOPMENT_ASSET_PATHS = "\"RecordSequencer/Preview Content\"";
				DEVELOPMENT_TEAM = R649RX774M;
				ENABLE_PREVIEWS = YES;
				GENERATE_INFOPLIST_FILE = YES;
				INFOPLIST_FILE = RecordSequencer/Info.plist;
				INFOPLIST_KEY_UIApplicationSceneManifest_Generation = YES;
				INFOPLIST_KEY_UIApplicationSupportsIndirectInputEvents = YES;
				INFOPLIST_KEY_UILaunchScreen_Generation = YES;
				INFOPLIST_KEY_UISupportedInterfaceOrientations_iPad = "UIInterfaceOrientationPortrait UIInterfaceOrientationPortraitUpsideDown UIInterfaceOrientationLandscapeLeft UIInterfaceOrientationLandscapeRight";
				INFOPLIST_KEY_UISupportedInterfaceOrientations_iPhone = "UIInterfaceOrientationPortrait UIInterfaceOrientationLandscapeLeft UIInterfaceOrientationLandscapeRight";
				LD_RUNPATH_SEARCH_PATHS = (
					"$(inherited)",
					"@executable_path/Frameworks",
				);
				MARKETING_VERSION = 1.0;
				PRODUCT_BUNDLE_IDENTIFIER = com.vrishabh.RecordSequencer;
				PRODUCT_NAME = "$(TARGET_NAME)";
				SWIFT_EMIT_LOC_STRINGS = YES;
				SWIFT_VERSION = 5.0;
				TARGETED_DEVICE_FAMILY = "1,2";
			};
			name = Debug;
		};
		6E4E72C92D32FAF5001B6E3D /* Release */ = {
			isa = XCBuildConfiguration;
			buildSettings = {
				ASSETCATALOG_COMPILER_APPICON_NAME = AppIcon;
				ASSETCATALOG_COMPILER_GLOBAL_ACCENT_COLOR_NAME = AccentColor;
				CODE_SIGN_STYLE = Automatic;
				CURRENT_PROJECT_VERSION = 1;
				DEVELOPMENT_ASSET_PATHS = "\"RecordSequencer/Preview Content\"";
				DEVELOPMENT_TEAM = R649RX774M;
				ENABLE_PREVIEWS = YES;
				GENERATE_INFOPLIST_FILE = YES;
				INFOPLIST_FILE = RecordSequencer/Info.plist;
				INFOPLIST_KEY_UIApplicationSceneManifest_Generation = YES;
				INFOPLIST_KEY_UIApplicationSupportsIndirectInputEvents = YES;
				INFOPLIST_KEY_UILaunchScreen_Generation = YES;
				INFOPLIST_KEY_UISupportedInterfaceOrientations_iPad = "UIInterfaceOrientationPortrait UIInterfaceOrientationPortraitUpsideDown UIInterfaceOrientationLandscapeLeft UIInterfaceOrientationLandscapeRight";
				INFOPLIST_KEY_UISupportedInterfaceOrientations_iPhone = "UIInterfaceOrientationPortrait UIInterfaceOrientationLandscapeLeft UIInterfaceOrientationLandscapeRight";
				LD_RUNPATH_SEARCH_PATHS = (
					"$(inherited)",
					"@executable_path/Frameworks",
				);
				MARKETING_VERSION = 1.0;
				PRODUCT_BUNDLE_IDENTIFIER = com.vrishabh.RecordSequencer;
				PRODUCT_NAME = "$(TARGET_NAME)";
				SWIFT_EMIT_LOC_STRINGS = YES;
				SWIFT_VERSION = 5.0;
				TARGETED_DEVICE_FAMILY = "1,2";
			};
			name = Release;
		};
		6E4E72CB2D32FAF5001B6E3D /* Debug */ = {
			isa = XCBuildConfiguration;
			buildSettings = {
				BUNDLE_LOADER = "$(TEST_HOST)";
				CODE_SIGN_STYLE = Automatic;
				CURRENT_PROJECT_VERSION = 1;
				DEVELOPMENT_TEAM = R649RX774M;
				GENERATE_INFOPLIST_FILE = YES;
				IPHONEOS_DEPLOYMENT_TARGET = 18.2;
				MARKETING_VERSION = 1.0;
				PRODUCT_BUNDLE_IDENTIFIER = com.vrishabh.RecordSequencerTests;
				PRODUCT_NAME = "$(TARGET_NAME)";
				SWIFT_EMIT_LOC_STRINGS = NO;
				SWIFT_VERSION = 5.0;
				TARGETED_DEVICE_FAMILY = "1,2";
				TEST_HOST = "$(BUILT_PRODUCTS_DIR)/RecordSequencer.app/$(BUNDLE_EXECUTABLE_FOLDER_PATH)/RecordSequencer";
			};
			name = Debug;
		};
		6E4E72CC2D32FAF5001B6E3D /* Release */ = {
			isa = XCBuildConfiguration;
			buildSettings = {
				BUNDLE_LOADER = "$(TEST_HOST)";
				CODE_SIGN_STYLE = Automatic;
				CURRENT_PROJECT_VERSION = 1;
				DEVELOPMENT_TEAM = R649RX774M;
				GENERATE_INFOPLIST_FILE = YES;
				IPHONEOS_DEPLOYMENT_TARGET = 18.2;
				MARKETING_VERSION = 1.0;
				PRODUCT_BUNDLE_IDENTIFIER = com.vrishabh.RecordSequencerTests;
				PRODUCT_NAME = "$(TARGET_NAME)";
				SWIFT_EMIT_LOC_STRINGS = NO;
				SWIFT_VERSION = 5.0;
				TARGETED_DEVICE_FAMILY = "1,2";
				TEST_HOST = "$(BUILT_PRODUCTS_DIR)/RecordSequencer.app/$(BUNDLE_EXECUTABLE_FOLDER_PATH)/RecordSequencer";
			};
			name = Release;
		};
		6E4E72CE2D32FAF5001B6E3D /* Debug */ = {
			isa = XCBuildConfiguration;
			buildSettings = {
				CODE_SIGN_STYLE = Automatic;
				CURRENT_PROJECT_VERSION = 1;
				DEVELOPMENT_TEAM = R649RX774M;
				GENERATE_INFOPLIST_FILE = YES;
				MARKETING_VERSION = 1.0;
				PRODUCT_BUNDLE_IDENTIFIER = com.vrishabh.RecordSequencerUITests;
				PRODUCT_NAME = "$(TARGET_NAME)";
				SWIFT_EMIT_LOC_STRINGS = NO;
				SWIFT_VERSION = 5.0;
				TARGETED_DEVICE_FAMILY = "1,2";
				TEST_TARGET_NAME = RecordSequencer;
			};
			name = Debug;
		};
		6E4E72CF2D32FAF5001B6E3D /* Release */ = {
			isa = XCBuildConfiguration;
			buildSettings = {
				CODE_SIGN_STYLE = Automatic;
				CURRENT_PROJECT_VERSION = 1;
				DEVELOPMENT_TEAM = R649RX774M;
				GENERATE_INFOPLIST_FILE = YES;
				MARKETING_VERSION = 1.0;
				PRODUCT_BUNDLE_IDENTIFIER = com.vrishabh.RecordSequencerUITests;
				PRODUCT_NAME = "$(TARGET_NAME)";
				SWIFT_EMIT_LOC_STRINGS = NO;
				SWIFT_VERSION = 5.0;
				TARGETED_DEVICE_FAMILY = "1,2";
				TEST_TARGET_NAME = RecordSequencer;
			};
			name = Release;
		};
/* End XCBuildConfiguration section */

/* Begin XCConfigurationList section */
		6E4E729E2D32FAF3001B6E3D /* Build configuration list for PBXProject "RecordSequencer" */ = {
			isa = XCConfigurationList;
			buildConfigurations = (
				6E4E72C52D32FAF5001B6E3D /* Debug */,
				6E4E72C62D32FAF5001B6E3D /* Release */,
			);
			defaultConfigurationIsVisible = 0;
			defaultConfigurationName = Release;
		};
		6E4E72C72D32FAF5001B6E3D /* Build configuration list for PBXNativeTarget "RecordSequencer" */ = {
			isa = XCConfigurationList;
			buildConfigurations = (
				6E4E72C82D32FAF5001B6E3D /* Debug */,
				6E4E72C92D32FAF5001B6E3D /* Release */,
			);
			defaultConfigurationIsVisible = 0;
			defaultConfigurationName = Release;
		};
		6E4E72CA2D32FAF5001B6E3D /* Build configuration list for PBXNativeTarget "RecordSequencerTests" */ = {
			isa = XCConfigurationList;
			buildConfigurations = (
				6E4E72CB2D32FAF5001B6E3D /* Debug */,
				6E4E72CC2D32FAF5001B6E3D /* Release */,
			);
			defaultConfigurationIsVisible = 0;
			defaultConfigurationName = Release;
		};
		6E4E72CD2D32FAF5001B6E3D /* Build configuration list for PBXNativeTarget "RecordSequencerUITests" */ = {
			isa = XCConfigurationList;
			buildConfigurations = (
				6E4E72CE2D32FAF5001B6E3D /* Debug */,
				6E4E72CF2D32FAF5001B6E3D /* Release */,
			);
			defaultConfigurationIsVisible = 0;
			defaultConfigurationName = Release;
		};
/* End XCConfigurationList section */

/* Begin XCRemoteSwiftPackageReference section */
		6E4E72E62D3305D8001B6E3D /* XCRemoteSwiftPackageReference "AudioKit" */ = {
			isa = XCRemoteSwiftPackageReference;
			repositoryURL = "https://github.com/AudioKit/AudioKit";
			requirement = {
				kind = upToNextMajorVersion;
				minimumVersion = 5.6.4;
			};
		};
/* End XCRemoteSwiftPackageReference section */

/* Begin XCSwiftPackageProductDependency section */
		6E4E72E82D3305DE001B6E3D /* AudioKit */ = {
			isa = XCSwiftPackageProductDependency;
			package = 6E4E72E62D3305D8001B6E3D /* XCRemoteSwiftPackageReference "AudioKit" */;
			productName = AudioKit;
		};
/* End XCSwiftPackageProductDependency section */
	};
	rootObject = 6E4E729B2D32FAF3001B6E3D /* Project object */;
}
